
Microsoft Visual Studio Solution File, Format Version 12.00
# Visual Studio Version 17
VisualStudioVersion = 17.6.33815.320
MinimumVisualStudioVersion = 10.0.40219.1
Project("{FAE04EC0-301F-11D3-BF4B-00C04F79EFBC}") = "OOPs", "OOPs.csproj", "{451FA7CA-537E-486D-BF5C-B1D84010066B}"
EndProject
Global
	GlobalSection(SolutionConfigurationPlatforms) = preSolution
		Debug|Any CPU = Debug|Any CPU
		Release|Any CPU = Release|Any CPU
	EndGlobalSection
	GlobalSection(ProjectConfigurationPlatforms) = postSolution
		{451FA7CA-537E-486D-BF5C-B1D84010066B}.Debug|Any CPU.ActiveCfg = Debug|Any CPU
		{451FA7CA-537E-486D-BF5C-B1D84010066B}.Debug|Any CPU.Build.0 = Debug|Any CPU
		{451FA7CA-537E-486D-BF5C-B1D84010066B}.Release|Any CPU.ActiveCfg = Release|Any CPU
		{451FA7CA-537E-486D-BF5C-B1D84010066B}.Release|Any CPU.Build.0 = Release|Any CPU
	EndGlobalSection
	GlobalSection(SolutionProperties) = preSolution
		HideSolutionNode = FALSE
	EndGlobalSection
	GlobalSection(ExtensibilityGlobals) = postSolution
		SolutionGuid = {76D06398-AB35-4E59-957C-A2068730C659}
	EndGlobalSection
EndGlobal
